
Microsoft Visual Studio Solution File, Format Version 12.00
# Visual Studio 15
VisualStudioVersion = 15.0.28010.2016
MinimumVisualStudioVersion = 10.0.40219.1
Project("{FAE04EC0-301F-11D3-BF4B-00C04F79EFBC}") = "DockerArtisan", "DockerArtisan\DockerArtisan.csproj", "{D7ADF403-4D1D-4080-B8B4-C58F1273750E}"
EndProject
Global
	GlobalSection(SolutionConfigurationPlatforms) = preSolution
		Debug|Any CPU = Debug|Any CPU
		Release|Any CPU = Release|Any CPU
	EndGlobalSection
	GlobalSection(ProjectConfigurationPlatforms) = postSolution
		{D7ADF403-4D1D-4080-B8B4-C58F1273750E}.Debug|Any CPU.ActiveCfg = Debug|Any CPU
		{D7ADF403-4D1D-4080-B8B4-C58F1273750E}.Debug|Any CPU.Build.0 = Debug|Any CPU
		{D7ADF403-4D1D-4080-B8B4-C58F1273750E}.Release|Any CPU.ActiveCfg = Release|Any CPU
		{D7ADF403-4D1D-4080-B8B4-C58F1273750E}.Release|Any CPU.Build.0 = Release|Any CPU
	EndGlobalSection
	GlobalSection(SolutionProperties) = preSolution
		HideSolutionNode = FALSE
	EndGlobalSection
	GlobalSection(ExtensibilityGlobals) = postSolution
		SolutionGuid = {0CB7423A-B1AE-4C48-A78E-645973F3233A}
	EndGlobalSection
EndGlobal
